
Microsoft Visual Studio Solution File, Format Version 12.00
# Visual Studio Version 16
VisualStudioVersion = 16.0.30320.27
MinimumVisualStudioVersion = 10.0.40219.1
Project("{9A19103F-16F7-4668-BE54-9A1E7A4F7556}") = "WPFBoids", "WPFBoids\WPFBoids.csproj", "{3B62F8E8-F408-41B9-9F6F-A349FD208CCB}"
EndProject
Global
	GlobalSection(SolutionConfigurationPlatforms) = preSolution
		Debug|Any CPU = Debug|Any CPU
		Release|Any CPU = Release|Any CPU
	EndGlobalSection
	GlobalSection(ProjectConfigurationPlatforms) = postSolution
		{3B62F8E8-F408-41B9-9F6F-A349FD208CCB}.Debug|Any CPU.ActiveCfg = Debug|Any CPU
		{3B62F8E8-F408-41B9-9F6F-A349FD208CCB}.Debug|Any CPU.Build.0 = Debug|Any CPU
		{3B62F8E8-F408-41B9-9F6F-A349FD208CCB}.Release|Any CPU.ActiveCfg = Release|Any CPU
		{3B62F8E8-F408-41B9-9F6F-A349FD208CCB}.Release|Any CPU.Build.0 = Release|Any CPU
	EndGlobalSection
	GlobalSection(SolutionProperties) = preSolution
		HideSolutionNode = FALSE
	EndGlobalSection
	GlobalSection(ExtensibilityGlobals) = postSolution
		SolutionGuid = {9B5C8FF9-8DBD-469D-91D4-0461CE11CF47}
	EndGlobalSection
EndGlobal
